
Microsoft Visual Studio Solution File, Format Version 12.00
# Visual Studio Version 17
VisualStudioVersion = 17.4.33103.184
MinimumVisualStudioVersion = 10.0.40219.1
Project("{FAE04EC0-301F-11D3-BF4B-00C04F79EFBC}") = "motobridge-alias-config", "motobridge-alias-config\motobridge-alias-config.csproj", "{AE7A152B-29B7-40E6-885F-FA55DE809DC5}"
EndProject
Global
	GlobalSection(SolutionConfigurationPlatforms) = preSolution
		Debug|Any CPU = Debug|Any CPU
		Release|Any CPU = Release|Any CPU
	EndGlobalSection
	GlobalSection(ProjectConfigurationPlatforms) = postSolution
		{AE7A152B-29B7-40E6-885F-FA55DE809DC5}.Debug|Any CPU.ActiveCfg = Debug|Any CPU
		{AE7A152B-29B7-40E6-885F-FA55DE809DC5}.Debug|Any CPU.Build.0 = Debug|Any CPU
		{AE7A152B-29B7-40E6-885F-FA55DE809DC5}.Release|Any CPU.ActiveCfg = Release|Any CPU
		{AE7A152B-29B7-40E6-885F-FA55DE809DC5}.Release|Any CPU.Build.0 = Release|Any CPU
	EndGlobalSection
	GlobalSection(SolutionProperties) = preSolution
		HideSolutionNode = FALSE
	EndGlobalSection
	GlobalSection(ExtensibilityGlobals) = postSolution
		SolutionGuid = {4C611985-618C-4D3D-AA61-FE755AD509EC}
	EndGlobalSection
EndGlobal
